// !$*UTF8*$!
{
	archiveVersion = 1;
	classes = {
	};
	objectVersion = 56;
	objects = {

/* Begin PBXBuildFile section */
		CB0C56852924FDB4008B50CD /* GMTabBarController.swift in Sources */ = {isa = PBXBuildFile; fileRef = CB0C56842924FDB4008B50CD /* GMTabBarController.swift */; };
		CB0C56872925063B008B50CD /* GMAlertContainerView.swift in Sources */ = {isa = PBXBuildFile; fileRef = CB0C56862925063B008B50CD /* GMAlertContainerView.swift */; };
		CB0C568929253F34008B50CD /* GMDataLoadingVC.swift in Sources */ = {isa = PBXBuildFile; fileRef = CB0C568829253F34008B50CD /* GMDataLoadingVC.swift */; };
		CB0C568B29254A3E008B50CD /* UIView+Ext.swift in Sources */ = {isa = PBXBuildFile; fileRef = CB0C568A29254A3E008B50CD /* UIView+Ext.swift */; };
		CB0C568D29256339008B50CD /* UITableView+Ext.swift in Sources */ = {isa = PBXBuildFile; fileRef = CB0C568C29256339008B50CD /* UITableView+Ext.swift */; };
		CB7074B72922607D0024BCBF /* PersistenceManager.swift in Sources */ = {isa = PBXBuildFile; fileRef = CB7074B62922607D0024BCBF /* PersistenceManager.swift */; };
		CB7074B929227CFE0024BCBF /* StarCell.swift in Sources */ = {isa = PBXBuildFile; fileRef = CB7074B829227CFE0024BCBF /* StarCell.swift */; };
		CB789993291F9A240057F6DE /* GMInfoCountView.swift in Sources */ = {isa = PBXBuildFile; fileRef = CB789992291F9A240057F6DE /* GMInfoCountView.swift */; };
		CB789997291FB2BE0057F6DE /* Date+Ext.swift in Sources */ = {isa = PBXBuildFile; fileRef = CB789996291FB2BE0057F6DE /* Date+Ext.swift */; };
		CB8C1D39291E683F00C1A523 /* UserInfoVC.swift in Sources */ = {isa = PBXBuildFile; fileRef = CB8C1D38291E683F00C1A523 /* UserInfoVC.swift */; };
		CB8C7D2E291EC607007D928B /* GMSecondaryTitleLabel.swift in Sources */ = {isa = PBXBuildFile; fileRef = CB8C7D2D291EC607007D928B /* GMSecondaryTitleLabel.swift */; };
		CB8C7D31291ECC48007D928B /* GMProfileInfoVC.swift in Sources */ = {isa = PBXBuildFile; fileRef = CB8C7D30291ECC48007D928B /* GMProfileInfoVC.swift */; };
		CB8C7D33291ED399007D928B /* Constants.swift in Sources */ = {isa = PBXBuildFile; fileRef = CB8C7D32291ED399007D928B /* Constants.swift */; };
		CB8C7D35291ED6E2007D928B /* GMItemContainerVC.swift in Sources */ = {isa = PBXBuildFile; fileRef = CB8C7D34291ED6E2007D928B /* GMItemContainerVC.swift */; };
		CB8C7D37291ED76D007D928B /* GMProjectsItemVC.swift in Sources */ = {isa = PBXBuildFile; fileRef = CB8C7D36291ED76D007D928B /* GMProjectsItemVC.swift */; };
		CB8C7D39291ED78F007D928B /* GMFollowerItemVC.swift in Sources */ = {isa = PBXBuildFile; fileRef = CB8C7D38291ED78F007D928B /* GMFollowerItemVC.swift */; };
		CB984880291951D50063141F /* FollowerCell.swift in Sources */ = {isa = PBXBuildFile; fileRef = CB98487F291951D50063141F /* FollowerCell.swift */; };
		CB984882291952EA0063141F /* GMAvatarImageView.swift in Sources */ = {isa = PBXBuildFile; fileRef = CB984881291952EA0063141F /* GMAvatarImageView.swift */; };
		CBA36E6B29102CFC00E86520 /* AppDelegate.swift in Sources */ = {isa = PBXBuildFile; fileRef = CBA36E6A29102CFC00E86520 /* AppDelegate.swift */; };
		CBA36E6D29102CFC00E86520 /* SceneDelegate.swift in Sources */ = {isa = PBXBuildFile; fileRef = CBA36E6C29102CFC00E86520 /* SceneDelegate.swift */; };
		CBA36E7429102CFE00E86520 /* Assets.xcassets in Resources */ = {isa = PBXBuildFile; fileRef = CBA36E7329102CFE00E86520 /* Assets.xcassets */; };
		CBA36E7729102CFE00E86520 /* LaunchScreen.storyboard in Resources */ = {isa = PBXBuildFile; fileRef = CBA36E7529102CFE00E86520 /* LaunchScreen.storyboard */; };
		CBA36E7F2910390000E86520 /* CheckoutVC.swift in Sources */ = {isa = PBXBuildFile; fileRef = CBA36E7E2910390000E86520 /* CheckoutVC.swift */; };
		CBA36E812910391A00E86520 /* StarsVC.swift in Sources */ = {isa = PBXBuildFile; fileRef = CBA36E802910391A00E86520 /* StarsVC.swift */; };
		CBA36E8529103D7400E86520 /* UIColor+Ext.swift in Sources */ = {isa = PBXBuildFile; fileRef = CBA36E8429103D7400E86520 /* UIColor+Ext.swift */; };
		CBACD23F291BC1D500234AE7 /* UIHelper.swift in Sources */ = {isa = PBXBuildFile; fileRef = CBACD23E291BC1D500234AE7 /* UIHelper.swift */; };
		CBACD241291BEF4900234AE7 /* GMNotFoundView.swift in Sources */ = {isa = PBXBuildFile; fileRef = CBACD240291BEF4900234AE7 /* GMNotFoundView.swift */; };
		CBCAFB2729154BFD00BBA8D0 /* GMButton.swift in Sources */ = {isa = PBXBuildFile; fileRef = CBCAFB2629154BFD00BBA8D0 /* GMButton.swift */; };
		CBCAFB2929154F2200BBA8D0 /* GMTextField.swift in Sources */ = {isa = PBXBuildFile; fileRef = CBCAFB2829154F2200BBA8D0 /* GMTextField.swift */; };
		CBCAFB2F2915815D00BBA8D0 /* UITextField-Ext.swift in Sources */ = {isa = PBXBuildFile; fileRef = CBCAFB2E2915815D00BBA8D0 /* UITextField-Ext.swift */; };
		CBCAFB3129159DEF00BBA8D0 /* FollowerListVC.swift in Sources */ = {isa = PBXBuildFile; fileRef = CBCAFB3029159DEF00BBA8D0 /* FollowerListVC.swift */; };
		CBE2131D2917A7E100801A77 /* GMTitleLabel.swift in Sources */ = {isa = PBXBuildFile; fileRef = CBE2131C2917A7E100801A77 /* GMTitleLabel.swift */; };
		CBE2131F2917A7F500801A77 /* GMBodyLabel.swift in Sources */ = {isa = PBXBuildFile; fileRef = CBE2131E2917A7F500801A77 /* GMBodyLabel.swift */; };
		CBE213252917AB6200801A77 /* GMAlertVC.swift in Sources */ = {isa = PBXBuildFile; fileRef = CBE213242917AB6200801A77 /* GMAlertVC.swift */; };
		CBE213292917B35700801A77 /* UIViewController+Ext.swift in Sources */ = {isa = PBXBuildFile; fileRef = CBE213282917B35700801A77 /* UIViewController+Ext.swift */; };
		CBE2132C2917C7BD00801A77 /* Follower.swift in Sources */ = {isa = PBXBuildFile; fileRef = CBE2132B2917C7BD00801A77 /* Follower.swift */; };
		CBE2132E2917C7C600801A77 /* User.swift in Sources */ = {isa = PBXBuildFile; fileRef = CBE2132D2917C7C600801A77 /* User.swift */; };
		CBE21331291813BC00801A77 /* ErrorMessage.swift in Sources */ = {isa = PBXBuildFile; fileRef = CBE21330291813BC00801A77 /* ErrorMessage.swift */; };
		CBE21334291814D400801A77 /* NetworkManager.swift in Sources */ = {isa = PBXBuildFile; fileRef = CBE21333291814D400801A77 /* NetworkManager.swift */; };
/* End PBXBuildFile section */

/* Begin PBXFileReference section */
		CB0C56842924FDB4008B50CD /* GMTabBarController.swift */ = {isa = PBXFileReference; lastKnownFileType = sourcecode.swift; path = GMTabBarController.swift; sourceTree = "<group>"; };
		CB0C56862925063B008B50CD /* GMAlertContainerView.swift */ = {isa = PBXFileReference; lastKnownFileType = sourcecode.swift; path = GMAlertContainerView.swift; sourceTree = "<group>"; };
		CB0C568829253F34008B50CD /* GMDataLoadingVC.swift */ = {isa = PBXFileReference; lastKnownFileType = sourcecode.swift; path = GMDataLoadingVC.swift; sourceTree = "<group>"; };
		CB0C568A29254A3E008B50CD /* UIView+Ext.swift */ = {isa = PBXFileReference; lastKnownFileType = sourcecode.swift; path = "UIView+Ext.swift"; sourceTree = "<group>"; };
		CB0C568C29256339008B50CD /* UITableView+Ext.swift */ = {isa = PBXFileReference; lastKnownFileType = sourcecode.swift; path = "UITableView+Ext.swift"; sourceTree = "<group>"; };
		CB7074B62922607D0024BCBF /* PersistenceManager.swift */ = {isa = PBXFileReference; lastKnownFileType = sourcecode.swift; path = PersistenceManager.swift; sourceTree = "<group>"; };
		CB7074B829227CFE0024BCBF /* StarCell.swift */ = {isa = PBXFileReference; lastKnownFileType = sourcecode.swift; path = StarCell.swift; sourceTree = "<group>"; };
		CB789992291F9A240057F6DE /* GMInfoCountView.swift */ = {isa = PBXFileReference; lastKnownFileType = sourcecode.swift; path = GMInfoCountView.swift; sourceTree = "<group>"; };
		CB789996291FB2BE0057F6DE /* Date+Ext.swift */ = {isa = PBXFileReference; lastKnownFileType = sourcecode.swift; path = "Date+Ext.swift"; sourceTree = "<group>"; };
		CB8C1D38291E683F00C1A523 /* UserInfoVC.swift */ = {isa = PBXFileReference; lastKnownFileType = sourcecode.swift; path = UserInfoVC.swift; sourceTree = "<group>"; };
		CB8C7D2D291EC607007D928B /* GMSecondaryTitleLabel.swift */ = {isa = PBXFileReference; lastKnownFileType = sourcecode.swift; path = GMSecondaryTitleLabel.swift; sourceTree = "<group>"; };
		CB8C7D30291ECC48007D928B /* GMProfileInfoVC.swift */ = {isa = PBXFileReference; lastKnownFileType = sourcecode.swift; path = GMProfileInfoVC.swift; sourceTree = "<group>"; };
		CB8C7D32291ED399007D928B /* Constants.swift */ = {isa = PBXFileReference; lastKnownFileType = sourcecode.swift; path = Constants.swift; sourceTree = "<group>"; };
		CB8C7D34291ED6E2007D928B /* GMItemContainerVC.swift */ = {isa = PBXFileReference; lastKnownFileType = sourcecode.swift; path = GMItemContainerVC.swift; sourceTree = "<group>"; };
		CB8C7D36291ED76D007D928B /* GMProjectsItemVC.swift */ = {isa = PBXFileReference; lastKnownFileType = sourcecode.swift; path = GMProjectsItemVC.swift; sourceTree = "<group>"; };
		CB8C7D38291ED78F007D928B /* GMFollowerItemVC.swift */ = {isa = PBXFileReference; lastKnownFileType = sourcecode.swift; path = GMFollowerItemVC.swift; sourceTree = "<group>"; };
		CB98487F291951D50063141F /* FollowerCell.swift */ = {isa = PBXFileReference; lastKnownFileType = sourcecode.swift; path = FollowerCell.swift; sourceTree = "<group>"; };
		CB984881291952EA0063141F /* GMAvatarImageView.swift */ = {isa = PBXFileReference; lastKnownFileType = sourcecode.swift; path = GMAvatarImageView.swift; sourceTree = "<group>"; };
		CBA36E6729102CFC00E86520 /* git-mack.app */ = {isa = PBXFileReference; explicitFileType = wrapper.application; includeInIndex = 0; path = "git-mack.app"; sourceTree = BUILT_PRODUCTS_DIR; };
		CBA36E6A29102CFC00E86520 /* AppDelegate.swift */ = {isa = PBXFileReference; lastKnownFileType = sourcecode.swift; path = AppDelegate.swift; sourceTree = "<group>"; };
		CBA36E6C29102CFC00E86520 /* SceneDelegate.swift */ = {isa = PBXFileReference; lastKnownFileType = sourcecode.swift; path = SceneDelegate.swift; sourceTree = "<group>"; };
		CBA36E7329102CFE00E86520 /* Assets.xcassets */ = {isa = PBXFileReference; lastKnownFileType = folder.assetcatalog; path = Assets.xcassets; sourceTree = "<group>"; };
		CBA36E7629102CFE00E86520 /* Base */ = {isa = PBXFileReference; lastKnownFileType = file.storyboard; name = Base; path = Base.lproj/LaunchScreen.storyboard; sourceTree = "<group>"; };
		CBA36E7829102CFE00E86520 /* Info.plist */ = {isa = PBXFileReference; lastKnownFileType = text.plist.xml; path = Info.plist; sourceTree = "<group>"; };
		CBA36E7E2910390000E86520 /* CheckoutVC.swift */ = {isa = PBXFileReference; lastKnownFileType = sourcecode.swift; path = CheckoutVC.swift; sourceTree = "<group>"; };
		CBA36E802910391A00E86520 /* StarsVC.swift */ = {isa = PBXFileReference; lastKnownFileType = sourcecode.swift; path = StarsVC.swift; sourceTree = "<group>"; };
		CBA36E8429103D7400E86520 /* UIColor+Ext.swift */ = {isa = PBXFileReference; lastKnownFileType = sourcecode.swift; path = "UIColor+Ext.swift"; sourceTree = "<group>"; };
		CBACD23E291BC1D500234AE7 /* UIHelper.swift */ = {isa = PBXFileReference; lastKnownFileType = sourcecode.swift; path = UIHelper.swift; sourceTree = "<group>"; };
		CBACD240291BEF4900234AE7 /* GMNotFoundView.swift */ = {isa = PBXFileReference; lastKnownFileType = sourcecode.swift; path = GMNotFoundView.swift; sourceTree = "<group>"; };
		CBCAFB2629154BFD00BBA8D0 /* GMButton.swift */ = {isa = PBXFileReference; lastKnownFileType = sourcecode.swift; path = GMButton.swift; sourceTree = "<group>"; };
		CBCAFB2829154F2200BBA8D0 /* GMTextField.swift */ = {isa = PBXFileReference; lastKnownFileType = sourcecode.swift; path = GMTextField.swift; sourceTree = "<group>"; };
		CBCAFB2E2915815D00BBA8D0 /* UITextField-Ext.swift */ = {isa = PBXFileReference; lastKnownFileType = sourcecode.swift; path = "UITextField-Ext.swift"; sourceTree = "<group>"; };
		CBCAFB3029159DEF00BBA8D0 /* FollowerListVC.swift */ = {isa = PBXFileReference; lastKnownFileType = sourcecode.swift; path = FollowerListVC.swift; sourceTree = "<group>"; };
		CBE2131C2917A7E100801A77 /* GMTitleLabel.swift */ = {isa = PBXFileReference; lastKnownFileType = sourcecode.swift; path = GMTitleLabel.swift; sourceTree = "<group>"; };
		CBE2131E2917A7F500801A77 /* GMBodyLabel.swift */ = {isa = PBXFileReference; lastKnownFileType = sourcecode.swift; path = GMBodyLabel.swift; sourceTree = "<group>"; };
		CBE213242917AB6200801A77 /* GMAlertVC.swift */ = {isa = PBXFileReference; lastKnownFileType = sourcecode.swift; path = GMAlertVC.swift; sourceTree = "<group>"; };
		CBE213282917B35700801A77 /* UIViewController+Ext.swift */ = {isa = PBXFileReference; lastKnownFileType = sourcecode.swift; path = "UIViewController+Ext.swift"; sourceTree = "<group>"; };
		CBE2132B2917C7BD00801A77 /* Follower.swift */ = {isa = PBXFileReference; lastKnownFileType = sourcecode.swift; path = Follower.swift; sourceTree = "<group>"; };
		CBE2132D2917C7C600801A77 /* User.swift */ = {isa = PBXFileReference; lastKnownFileType = sourcecode.swift; path = User.swift; sourceTree = "<group>"; };
		CBE21330291813BC00801A77 /* ErrorMessage.swift */ = {isa = PBXFileReference; lastKnownFileType = sourcecode.swift; path = ErrorMessage.swift; sourceTree = "<group>"; };
		CBE21333291814D400801A77 /* NetworkManager.swift */ = {isa = PBXFileReference; lastKnownFileType = sourcecode.swift; path = NetworkManager.swift; sourceTree = "<group>"; };
/* End PBXFileReference section */

/* Begin PBXFrameworksBuildPhase section */
		CBA36E6429102CFC00E86520 /* Frameworks */ = {
			isa = PBXFrameworksBuildPhase;
			buildActionMask = 2147483647;
			files = (
			);
			runOnlyForDeploymentPostprocessing = 0;
		};
/* End PBXFrameworksBuildPhase section */

/* Begin PBXGroup section */
		CB0C56832924FD74008B50CD /* TabBarControllers */ = {
			isa = PBXGroup;
			children = (
				CB0C56842924FDB4008B50CD /* GMTabBarController.swift */,
			);
			path = TabBarControllers;
			sourceTree = "<group>";
		};
		CB8C7D2F291ECBBB007D928B /* UserInfoVCs */ = {
			isa = PBXGroup;
			children = (
				CB8C7D30291ECC48007D928B /* GMProfileInfoVC.swift */,
				CB8C7D34291ED6E2007D928B /* GMItemContainerVC.swift */,
				CB8C7D36291ED76D007D928B /* GMProjectsItemVC.swift */,
				CB8C7D38291ED78F007D928B /* GMFollowerItemVC.swift */,
			);
			path = UserInfoVCs;
			sourceTree = "<group>";
		};
		CB98487E291951550063141F /* Cell */ = {
			isa = PBXGroup;
			children = (
				CB98487F291951D50063141F /* FollowerCell.swift */,
				CB7074B829227CFE0024BCBF /* StarCell.swift */,
			);
			path = Cell;
			sourceTree = "<group>";
		};
		CBA36E5E29102CFC00E86520 = {
			isa = PBXGroup;
			children = (
				CBA36E6929102CFC00E86520 /* git-mack */,
				CBA36E6829102CFC00E86520 /* Products */,
			);
			sourceTree = "<group>";
		};
		CBA36E6829102CFC00E86520 /* Products */ = {
			isa = PBXGroup;
			children = (
				CBA36E6729102CFC00E86520 /* git-mack.app */,
			);
			name = Products;
			sourceTree = "<group>";
		};
		CBA36E6929102CFC00E86520 /* git-mack */ = {
			isa = PBXGroup;
			children = (
				CBE213232917A8CD00801A77 /* App */,
				CBE21332291814B600801A77 /* Managers */,
				CBE213212917A81100801A77 /* Screens */,
				CBE213222917A83B00801A77 /* Extensions */,
				CBE2132A2917C7A600801A77 /* Models */,
				CBE213202917A80400801A77 /* Custom Views */,
				CBE2132F2918132400801A77 /* Utils */,
			);
			path = "git-mack";
			sourceTree = "<group>";
		};
		CBC281CC292A69E400B2C144 /* ViewControllers */ = {
			isa = PBXGroup;
			children = (
				CB8C7D2F291ECBBB007D928B /* UserInfoVCs */,
				CBE213242917AB6200801A77 /* GMAlertVC.swift */,
				CB0C568829253F34008B50CD /* GMDataLoadingVC.swift */,
			);
			path = ViewControllers;
			sourceTree = "<group>";
		};
		CBC281CD292A6A3F00B2C144 /* Labels */ = {
			isa = PBXGroup;
			children = (
				CB8C7D2D291EC607007D928B /* GMSecondaryTitleLabel.swift */,
				CBE2131C2917A7E100801A77 /* GMTitleLabel.swift */,
				CBE2131E2917A7F500801A77 /* GMBodyLabel.swift */,
			);
			path = Labels;
			sourceTree = "<group>";
		};
		CBC281CE292A6A5400B2C144 /* Buttons */ = {
			isa = PBXGroup;
			children = (
				CBCAFB2629154BFD00BBA8D0 /* GMButton.swift */,
			);
			path = Buttons;
			sourceTree = "<group>";
		};
		CBC281CF292A6A6C00B2C144 /* TextFields */ = {
			isa = PBXGroup;
			children = (
				CBCAFB2829154F2200BBA8D0 /* GMTextField.swift */,
			);
			path = TextFields;
			sourceTree = "<group>";
		};
		CBC281D0292A6A8200B2C144 /* Views */ = {
			isa = PBXGroup;
			children = (
				CBACD240291BEF4900234AE7 /* GMNotFoundView.swift */,
				CB789992291F9A240057F6DE /* GMInfoCountView.swift */,
				CB0C56862925063B008B50CD /* GMAlertContainerView.swift */,
			);
			path = Views;
			sourceTree = "<group>";
		};
		CBC281D1292A6A9D00B2C144 /* ImageViews */ = {
			isa = PBXGroup;
			children = (
				CB984881291952EA0063141F /* GMAvatarImageView.swift */,
			);
			path = ImageViews;
			sourceTree = "<group>";
		};
		CBE213202917A80400801A77 /* Custom Views */ = {
			isa = PBXGroup;
			children = (
				CBC281CE292A6A5400B2C144 /* Buttons */,
				CB98487E291951550063141F /* Cell */,
				CBC281D1292A6A9D00B2C144 /* ImageViews */,
				CBC281CD292A6A3F00B2C144 /* Labels */,
				CB0C56832924FD74008B50CD /* TabBarControllers */,
				CBC281CF292A6A6C00B2C144 /* TextFields */,
				CBC281CC292A69E400B2C144 /* ViewControllers */,
				CBC281D0292A6A8200B2C144 /* Views */,
			);
			path = "Custom Views";
			sourceTree = "<group>";
		};
		CBE213212917A81100801A77 /* Screens */ = {
			isa = PBXGroup;
			children = (
				CBA36E7E2910390000E86520 /* CheckoutVC.swift */,
				CBCAFB3029159DEF00BBA8D0 /* FollowerListVC.swift */,
				CB8C1D38291E683F00C1A523 /* UserInfoVC.swift */,
				CBA36E802910391A00E86520 /* StarsVC.swift */,
			);
			path = Screens;
			sourceTree = "<group>";
		};
		CBE213222917A83B00801A77 /* Extensions */ = {
			isa = PBXGroup;
			children = (
				CBA36E8429103D7400E86520 /* UIColor+Ext.swift */,
				CBCAFB2E2915815D00BBA8D0 /* UITextField-Ext.swift */,
				CBE213282917B35700801A77 /* UIViewController+Ext.swift */,
				CB789996291FB2BE0057F6DE /* Date+Ext.swift */,
				CB0C568A29254A3E008B50CD /* UIView+Ext.swift */,
				CB0C568C29256339008B50CD /* UITableView+Ext.swift */,
			);
			path = Extensions;
			sourceTree = "<group>";
		};
		CBE213232917A8CD00801A77 /* App */ = {
			isa = PBXGroup;
			children = (
				CBA36E6A29102CFC00E86520 /* AppDelegate.swift */,
				CBA36E6C29102CFC00E86520 /* SceneDelegate.swift */,
				CBA36E7329102CFE00E86520 /* Assets.xcassets */,
				CBA36E7529102CFE00E86520 /* LaunchScreen.storyboard */,
				CBA36E7829102CFE00E86520 /* Info.plist */,
			);
			path = App;
			sourceTree = "<group>";
		};
		CBE2132A2917C7A600801A77 /* Models */ = {
			isa = PBXGroup;
			children = (
				CBE2132B2917C7BD00801A77 /* Follower.swift */,
				CBE2132D2917C7C600801A77 /* User.swift */,
			);
			path = Models;
			sourceTree = "<group>";
		};
		CBE2132F2918132400801A77 /* Utils */ = {
			isa = PBXGroup;
			children = (
				CBE21330291813BC00801A77 /* ErrorMessage.swift */,
				CBACD23E291BC1D500234AE7 /* UIHelper.swift */,
				CB8C7D32291ED399007D928B /* Constants.swift */,
			);
			path = Utils;
			sourceTree = "<group>";
		};
		CBE21332291814B600801A77 /* Managers */ = {
			isa = PBXGroup;
			children = (
				CBE21333291814D400801A77 /* NetworkManager.swift */,
				CB7074B62922607D0024BCBF /* PersistenceManager.swift */,
			);
			path = Managers;
			sourceTree = "<group>";
		};
/* End PBXGroup section */

/* Begin PBXNativeTarget section */
		CBA36E6629102CFC00E86520 /* git-mack */ = {
			isa = PBXNativeTarget;
			buildConfigurationList = CBA36E7B29102CFE00E86520 /* Build configuration list for PBXNativeTarget "git-mack" */;
			buildPhases = (
				CBA36E6329102CFC00E86520 /* Sources */,
				CBA36E6429102CFC00E86520 /* Frameworks */,
				CBA36E6529102CFC00E86520 /* Resources */,
			);
			buildRules = (
			);
			dependencies = (
			);
			name = "git-mack";
			productName = "git-mack";
			productReference = CBA36E6729102CFC00E86520 /* git-mack.app */;
			productType = "com.apple.product-type.application";
		};
/* End PBXNativeTarget section */

/* Begin PBXProject section */
		CBA36E5F29102CFC00E86520 /* Project object */ = {
			isa = PBXProject;
			attributes = {
				BuildIndependentTargetsInParallel = 1;
				LastSwiftUpdateCheck = 1400;
				LastUpgradeCheck = 1400;
				TargetAttributes = {
					CBA36E6629102CFC00E86520 = {
						CreatedOnToolsVersion = 14.0.1;
					};
				};
			};
			buildConfigurationList = CBA36E6229102CFC00E86520 /* Build configuration list for PBXProject "git-mack" */;
			compatibilityVersion = "Xcode 14.0";
			developmentRegion = en;
			hasScannedForEncodings = 0;
			knownRegions = (
				en,
				Base,
			);
			mainGroup = CBA36E5E29102CFC00E86520;
			productRefGroup = CBA36E6829102CFC00E86520 /* Products */;
			projectDirPath = "";
			projectRoot = "";
			targets = (
				CBA36E6629102CFC00E86520 /* git-mack */,
			);
		};
/* End PBXProject section */

/* Begin PBXResourcesBuildPhase section */
		CBA36E6529102CFC00E86520 /* Resources */ = {
			isa = PBXResourcesBuildPhase;
			buildActionMask = 2147483647;
			files = (
				CBA36E7729102CFE00E86520 /* LaunchScreen.storyboard in Resources */,
				CBA36E7429102CFE00E86520 /* Assets.xcassets in Resources */,
			);
			runOnlyForDeploymentPostprocessing = 0;
		};
/* End PBXResourcesBuildPhase section */

/* Begin PBXSourcesBuildPhase section */
		CBA36E6329102CFC00E86520 /* Sources */ = {
			isa = PBXSourcesBuildPhase;
			buildActionMask = 2147483647;
			files = (
				CB8C7D33291ED399007D928B /* Constants.swift in Sources */,
				CBCAFB3129159DEF00BBA8D0 /* FollowerListVC.swift in Sources */,
				CB0C568929253F34008B50CD /* GMDataLoadingVC.swift in Sources */,
				CB789997291FB2BE0057F6DE /* Date+Ext.swift in Sources */,
				CBE2132C2917C7BD00801A77 /* Follower.swift in Sources */,
				CBCAFB2929154F2200BBA8D0 /* GMTextField.swift in Sources */,
				CB8C7D37291ED76D007D928B /* GMProjectsItemVC.swift in Sources */,
				CBACD241291BEF4900234AE7 /* GMNotFoundView.swift in Sources */,
				CBACD23F291BC1D500234AE7 /* UIHelper.swift in Sources */,
				CB8C7D39291ED78F007D928B /* GMFollowerItemVC.swift in Sources */,
				CBA36E812910391A00E86520 /* StarsVC.swift in Sources */,
				CBE2131D2917A7E100801A77 /* GMTitleLabel.swift in Sources */,
				CB984882291952EA0063141F /* GMAvatarImageView.swift in Sources */,
				CBA36E7F2910390000E86520 /* CheckoutVC.swift in Sources */,
				CBE213292917B35700801A77 /* UIViewController+Ext.swift in Sources */,
				CB8C7D35291ED6E2007D928B /* GMItemContainerVC.swift in Sources */,
				CBA36E6B29102CFC00E86520 /* AppDelegate.swift in Sources */,
				CB7074B929227CFE0024BCBF /* StarCell.swift in Sources */,
				CBE2132E2917C7C600801A77 /* User.swift in Sources */,
				CBE2131F2917A7F500801A77 /* GMBodyLabel.swift in Sources */,
				CBE21334291814D400801A77 /* NetworkManager.swift in Sources */,
				CB7074B72922607D0024BCBF /* PersistenceManager.swift in Sources */,
				CB8C1D39291E683F00C1A523 /* UserInfoVC.swift in Sources */,
				CB8C7D2E291EC607007D928B /* GMSecondaryTitleLabel.swift in Sources */,
				CB0C568D29256339008B50CD /* UITableView+Ext.swift in Sources */,
				CB0C568B29254A3E008B50CD /* UIView+Ext.swift in Sources */,
				CB0C56852924FDB4008B50CD /* GMTabBarController.swift in Sources */,
				CB789993291F9A240057F6DE /* GMInfoCountView.swift in Sources */,
				CB984880291951D50063141F /* FollowerCell.swift in Sources */,
				CBCAFB2729154BFD00BBA8D0 /* GMButton.swift in Sources */,
				CBCAFB2F2915815D00BBA8D0 /* UITextField-Ext.swift in Sources */,
				CBE21331291813BC00801A77 /* ErrorMessage.swift in Sources */,
				CB8C7D31291ECC48007D928B /* GMProfileInfoVC.swift in Sources */,
				CBE213252917AB6200801A77 /* GMAlertVC.swift in Sources */,
				CB0C56872925063B008B50CD /* GMAlertContainerView.swift in Sources */,
				CBA36E6D29102CFC00E86520 /* SceneDelegate.swift in Sources */,
				CBA36E8529103D7400E86520 /* UIColor+Ext.swift in Sources */,
			);
			runOnlyForDeploymentPostprocessing = 0;
		};
/* End PBXSourcesBuildPhase section */

/* Begin PBXVariantGroup section */
		CBA36E7529102CFE00E86520 /* LaunchScreen.storyboard */ = {
			isa = PBXVariantGroup;
			children = (
				CBA36E7629102CFE00E86520 /* Base */,
			);
			name = LaunchScreen.storyboard;
			sourceTree = "<group>";
		};
/* End PBXVariantGroup section */

/* Begin XCBuildConfiguration section */
		CBA36E7929102CFE00E86520 /* Debug */ = {
			isa = XCBuildConfiguration;
			buildSettings = {
				ALWAYS_SEARCH_USER_PATHS = NO;
				CLANG_ANALYZER_NONNULL = YES;
				CLANG_ANALYZER_NUMBER_OBJECT_CONVERSION = YES_AGGRESSIVE;
				CLANG_CXX_LANGUAGE_STANDARD = "gnu++20";
				CLANG_ENABLE_MODULES = YES;
				CLANG_ENABLE_OBJC_ARC = YES;
				CLANG_ENABLE_OBJC_WEAK = YES;
				CLANG_WARN_BLOCK_CAPTURE_AUTORELEASING = YES;
				CLANG_WARN_BOOL_CONVERSION = YES;
				CLANG_WARN_COMMA = YES;
				CLANG_WARN_CONSTANT_CONVERSION = YES;
				CLANG_WARN_DEPRECATED_OBJC_IMPLEMENTATIONS = YES;
				CLANG_WARN_DIRECT_OBJC_ISA_USAGE = YES_ERROR;
				CLANG_WARN_DOCUMENTATION_COMMENTS = YES;
				CLANG_WARN_EMPTY_BODY = YES;
				CLANG_WARN_ENUM_CONVERSION = YES;
				CLANG_WARN_INFINITE_RECURSION = YES;
				CLANG_WARN_INT_CONVERSION = YES;
				CLANG_WARN_NON_LITERAL_NULL_CONVERSION = YES;
				CLANG_WARN_OBJC_IMPLICIT_RETAIN_SELF = YES;
				CLANG_WARN_OBJC_LITERAL_CONVERSION = YES;
				CLANG_WARN_OBJC_ROOT_CLASS = YES_ERROR;
				CLANG_WARN_QUOTED_INCLUDE_IN_FRAMEWORK_HEADER = YES;
				CLANG_WARN_RANGE_LOOP_ANALYSIS = YES;
				CLANG_WARN_STRICT_PROTOTYPES = YES;
				CLANG_WARN_SUSPICIOUS_MOVE = YES;
				CLANG_WARN_UNGUARDED_AVAILABILITY = YES_AGGRESSIVE;
				CLANG_WARN_UNREACHABLE_CODE = YES;
				CLANG_WARN__DUPLICATE_METHOD_MATCH = YES;
				COPY_PHASE_STRIP = NO;
				DEBUG_INFORMATION_FORMAT = dwarf;
				ENABLE_STRICT_OBJC_MSGSEND = YES;
				ENABLE_TESTABILITY = YES;
				GCC_C_LANGUAGE_STANDARD = gnu11;
				GCC_DYNAMIC_NO_PIC = NO;
				GCC_NO_COMMON_BLOCKS = YES;
				GCC_OPTIMIZATION_LEVEL = 0;
				GCC_PREPROCESSOR_DEFINITIONS = (
					"DEBUG=1",
					"$(inherited)",
				);
				GCC_WARN_64_TO_32_BIT_CONVERSION = YES;
				GCC_WARN_ABOUT_RETURN_TYPE = YES_ERROR;
				GCC_WARN_UNDECLARED_SELECTOR = YES;
				GCC_WARN_UNINITIALIZED_AUTOS = YES_AGGRESSIVE;
				GCC_WARN_UNUSED_FUNCTION = YES;
				GCC_WARN_UNUSED_VARIABLE = YES;
				IPHONEOS_DEPLOYMENT_TARGET = 16.0;
				MTL_ENABLE_DEBUG_INFO = INCLUDE_SOURCE;
				MTL_FAST_MATH = YES;
				ONLY_ACTIVE_ARCH = YES;
				SDKROOT = iphoneos;
				SWIFT_ACTIVE_COMPILATION_CONDITIONS = DEBUG;
				SWIFT_OPTIMIZATION_LEVEL = "-Onone";
			};
			name = Debug;
		};
		CBA36E7A29102CFE00E86520 /* Release */ = {
			isa = XCBuildConfiguration;
			buildSettings = {
				ALWAYS_SEARCH_USER_PATHS = NO;
				CLANG_ANALYZER_NONNULL = YES;
				CLANG_ANALYZER_NUMBER_OBJECT_CONVERSION = YES_AGGRESSIVE;
				CLANG_CXX_LANGUAGE_STANDARD = "gnu++20";
				CLANG_ENABLE_MODULES = YES;
				CLANG_ENABLE_OBJC_ARC = YES;
				CLANG_ENABLE_OBJC_WEAK = YES;
				CLANG_WARN_BLOCK_CAPTURE_AUTORELEASING = YES;
				CLANG_WARN_BOOL_CONVERSION = YES;
				CLANG_WARN_COMMA = YES;
				CLANG_WARN_CONSTANT_CONVERSION = YES;
				CLANG_WARN_DEPRECATED_OBJC_IMPLEMENTATIONS = YES;
				CLANG_WARN_DIRECT_OBJC_ISA_USAGE = YES_ERROR;
				CLANG_WARN_DOCUMENTATION_COMMENTS = YES;
				CLANG_WARN_EMPTY_BODY = YES;
				CLANG_WARN_ENUM_CONVERSION = YES;
				CLANG_WARN_INFINITE_RECURSION = YES;
				CLANG_WARN_INT_CONVERSION = YES;
				CLANG_WARN_NON_LITERAL_NULL_CONVERSION = YES;
				CLANG_WARN_OBJC_IMPLICIT_RETAIN_SELF = YES;
				CLANG_WARN_OBJC_LITERAL_CONVERSION = YES;
				CLANG_WARN_OBJC_ROOT_CLASS = YES_ERROR;
				CLANG_WARN_QUOTED_INCLUDE_IN_FRAMEWORK_HEADER = YES;
				CLANG_WARN_RANGE_LOOP_ANALYSIS = YES;
				CLANG_WARN_STRICT_PROTOTYPES = YES;
				CLANG_WARN_SUSPICIOUS_MOVE = YES;
				CLANG_WARN_UNGUARDED_AVAILABILITY = YES_AGGRESSIVE;
				CLANG_WARN_UNREACHABLE_CODE = YES;
				CLANG_WARN__DUPLICATE_METHOD_MATCH = YES;
				COPY_PHASE_STRIP = NO;
				DEBUG_INFORMATION_FORMAT = "dwarf-with-dsym";
				ENABLE_NS_ASSERTIONS = NO;
				ENABLE_STRICT_OBJC_MSGSEND = YES;
				GCC_C_LANGUAGE_STANDARD = gnu11;
				GCC_NO_COMMON_BLOCKS = YES;
				GCC_WARN_64_TO_32_BIT_CONVERSION = YES;
				GCC_WARN_ABOUT_RETURN_TYPE = YES_ERROR;
				GCC_WARN_UNDECLARED_SELECTOR = YES;
				GCC_WARN_UNINITIALIZED_AUTOS = YES_AGGRESSIVE;
				GCC_WARN_UNUSED_FUNCTION = YES;
				GCC_WARN_UNUSED_VARIABLE = YES;
				IPHONEOS_DEPLOYMENT_TARGET = 16.0;
				MTL_ENABLE_DEBUG_INFO = NO;
				MTL_FAST_MATH = YES;
				SDKROOT = iphoneos;
				SWIFT_COMPILATION_MODE = wholemodule;
				SWIFT_OPTIMIZATION_LEVEL = "-O";
				VALIDATE_PRODUCT = YES;
			};
			name = Release;
		};
		CBA36E7C29102CFE00E86520 /* Debug */ = {
			isa = XCBuildConfiguration;
			buildSettings = {
				ASSETCATALOG_COMPILER_APPICON_NAME = AppIcon;
				ASSETCATALOG_COMPILER_GLOBAL_ACCENT_COLOR_NAME = AccentColor;
				CODE_SIGN_STYLE = Automatic;
				CURRENT_PROJECT_VERSION = 1;
				DEVELOPMENT_TEAM = TQX48B3375;
				GENERATE_INFOPLIST_FILE = YES;
				INFOPLIST_FILE = "git-mack/App/Info.plist";
				INFOPLIST_KEY_CFBundleDisplayName = "깃맥";
				INFOPLIST_KEY_UIApplicationSupportsIndirectInputEvents = YES;
				INFOPLIST_KEY_UILaunchStoryboardName = LaunchScreen;
				INFOPLIST_KEY_UISupportedInterfaceOrientations = UIInterfaceOrientationPortrait;
				LD_RUNPATH_SEARCH_PATHS = (
					"$(inherited)",
					"@executable_path/Frameworks",
				);
				MARKETING_VERSION = 1.0;
				PRODUCT_BUNDLE_IDENTIFIER = "hoonjoo.git-mack";
				PRODUCT_NAME = "$(TARGET_NAME)";
				SWIFT_EMIT_LOC_STRINGS = YES;
				SWIFT_VERSION = 5.0;
				TARGETED_DEVICE_FAMILY = "1,2";
			};
			name = Debug;
		};
		CBA36E7D29102CFE00E86520 /* Release */ = {
			isa = XCBuildConfiguration;
			buildSettings = {
				ASSETCATALOG_COMPILER_APPICON_NAME = AppIcon;
				ASSETCATALOG_COMPILER_GLOBAL_ACCENT_COLOR_NAME = AccentColor;
				CODE_SIGN_STYLE = Automatic;
				CURRENT_PROJECT_VERSION = 1;
				DEVELOPMENT_TEAM = TQX48B3375;
				GENERATE_INFOPLIST_FILE = YES;
				INFOPLIST_FILE = "git-mack/App/Info.plist";
				INFOPLIST_KEY_CFBundleDisplayName = "깃맥";
				INFOPLIST_KEY_UIApplicationSupportsIndirectInputEvents = YES;
				INFOPLIST_KEY_UILaunchStoryboardName = LaunchScreen;
				INFOPLIST_KEY_UISupportedInterfaceOrientations = UIInterfaceOrientationPortrait;
				LD_RUNPATH_SEARCH_PATHS = (
					"$(inherited)",
					"@executable_path/Frameworks",
				);
				MARKETING_VERSION = 1.0;
				PRODUCT_BUNDLE_IDENTIFIER = "hoonjoo.git-mack";
				PRODUCT_NAME = "$(TARGET_NAME)";
				SWIFT_EMIT_LOC_STRINGS = YES;
				SWIFT_VERSION = 5.0;
				TARGETED_DEVICE_FAMILY = "1,2";
			};
			name = Release;
		};
/* End XCBuildConfiguration section */

/* Begin XCConfigurationList section */
		CBA36E6229102CFC00E86520 /* Build configuration list for PBXProject "git-mack" */ = {
			isa = XCConfigurationList;
			buildConfigurations = (
				CBA36E7929102CFE00E86520 /* Debug */,
				CBA36E7A29102CFE00E86520 /* Release */,
			);
			defaultConfigurationIsVisible = 0;
			defaultConfigurationName = Release;
		};
		CBA36E7B29102CFE00E86520 /* Build configuration list for PBXNativeTarget "git-mack" */ = {
			isa = XCConfigurationList;
			buildConfigurations = (
				CBA36E7C29102CFE00E86520 /* Debug */,
				CBA36E7D29102CFE00E86520 /* Release */,
			);
			defaultConfigurationIsVisible = 0;
			defaultConfigurationName = Release;
		};
/* End XCConfigurationList section */
	};
	rootObject = CBA36E5F29102CFC00E86520 /* Project object */;
}
